{
    "_readme": [
        "This file locks the dependencies of your project to a known state",
        "Read more about it at https://getcomposer.org/doc/01-basic-usage.md#installing-dependencies",
        "This file is @generated automatically"
    ],
    "content-hash": "1774a85da07f8c429ded7c410e1ef8fb",
    "packages": [
        {
            "name": "tecnickcom/tc-lib-barcode",
            "version": "2.7.0",
            "source": {
                "type": "git",
                "url": "https://github.com/tecnickcom/tc-lib-barcode.git",
                "reference": "4e53047a4ba4ed592ae677b3729ce9bfeae1cfbb"
            },
            "dist": {
                "type": "zip",
                "url": "https://api.github.com/repos/tecnickcom/tc-lib-barcode/zipball/4e53047a4ba4ed592ae677b3729ce9bfeae1cfbb",
                "reference": "4e53047a4ba4ed592ae677b3729ce9bfeae1cfbb",
                "shasum": ""
            },
            "require": {
                "ext-bcmath": "*",
                "ext-date": "*",
                "ext-gd": "*",
                "ext-pcre": "*",
                "php": ">=8.2",
                "tecnickcom/tc-lib-color": "^2.7"
            },
            "require-dev": {
                "pdepend/pdepend": "^2.16",
                "phpcompatibility/php-compatibility": "^10.0.0@dev",
                "phpunit/phpunit": "^13.1 || ^12.5 || ^11.5"
            },
            "type": "library",
            "autoload": {
                "psr-4": {
                    "Com\\Tecnick\\Barcode\\": "src"
                }
            },
            "notification-url": "https://packagist.org/downloads/",
            "license": [
                "LGPL-3.0-or-later"
            ],
            "authors": [
                {
                    "name": "Nicola Asuni",
                    "email": "info@tecnick.com",
                    "role": "lead"
                }
            ],
            "description": "PHP library to generate linear and bidimensional barcodes",
            "homepage": "https://tcpdf.org",
            "keywords": [
                "3 of 9",
                "ANSI MH10.8M-1983",
                "CBC",
                "CODABAR",
                "CODE 11",
                "CODE 128 A B C",
                "CODE 39",
                "CODE 93",
                "EAN 13",
                "EAN 8",
                "ECC200",
                "ISO IEC 15438 2006",
                "ISO IEC 16022",
                "ISO IEC 24778 2008",
                "Intelligent Mail Barcode",
                "Interleaved 2 of 5",
                "KIX",
                "Klant",
                "MSI",
                "Onecode",
                "PHARMACODE",
                "PHARMACODE TWO-TRACKS",
                "POSTNET",
                "RMS4CC",
                "Standard 2 of 5",
                "UPC-A",
                "UPC-E",
                "USD-3",
                "USPS-B-3200",
                "USS-93",
                "aztec",
                "barcode",
                "datamatrix",
                "pdf417",
                "planet",
                "qr-code",
                "royal mail",
                "tc-lib-barcode",
                "upc"
            ],
            "support": {
                "issues": "https://github.com/tecnickcom/tc-lib-barcode/issues",
                "source": "https://github.com/tecnickcom/tc-lib-barcode"
            },
            "funding": [
                {
                    "url": "https://github.com/sponsors/tecnickcom",
                    "type": "github"
                }
            ],
            "time": "2026-05-22T07:09:18+00:00"
        },
        {
            "name": "tecnickcom/tc-lib-color",
            "version": "2.8.0",
            "source": {
                "type": "git",
                "url": "https://github.com/tecnickcom/tc-lib-color.git",
                "reference": "6947cc9fffe23a21642279b8ab73a43f3311c5f9"
            },
            "dist": {
                "type": "zip",
                "url": "https://api.github.com/repos/tecnickcom/tc-lib-color/zipball/6947cc9fffe23a21642279b8ab73a43f3311c5f9",
                "reference": "6947cc9fffe23a21642279b8ab73a43f3311c5f9",
                "shasum": ""
            },
            "require": {
                "ext-pcre": "*",
                "php": ">=8.2"
            },
            "require-dev": {
                "pdepend/pdepend": "^2.16",
                "phpcompatibility/php-compatibility": "^10.0.0@dev",
                "phpunit/phpunit": "^13.1 || ^12.5 || ^11.5"
            },
            "type": "library",
            "autoload": {
                "psr-4": {
                    "Com\\Tecnick\\Color\\": "src"
                }
            },
            "notification-url": "https://packagist.org/downloads/",
            "license": [
                "LGPL-3.0-or-later"
            ],
            "authors": [
                {
                    "name": "Nicola Asuni",
                    "email": "info@tecnick.com",
                    "role": "lead"
                }
            ],
            "description": "PHP library to manipulate various color representations",
            "homepage": "https://tcpdf.org",
            "keywords": [
                "cmyk",
                "color",
                "colors",
                "colour",
                "colours",
                "hsl",
                "hsla",
                "javascript",
                "rgb",
                "rgba",
                "tc-lib-color",
                "web"
            ],
            "support": {
                "issues": "https://github.com/tecnickcom/tc-lib-color/issues",
                "source": "https://github.com/tecnickcom/tc-lib-color"
            },
            "funding": [
                {
                    "url": "https://github.com/sponsors/tecnickcom",
                    "type": "github"
                }
            ],
            "time": "2026-05-22T06:55:57+00:00"
        },
        {
            "name": "tecnickcom/tc-lib-file",
            "version": "2.8.0",
            "source": {
                "type": "git",
                "url": "https://github.com/tecnickcom/tc-lib-file.git",
                "reference": "63bd9ef87371f65a6d8f29425a5ee88fc6eb86e2"
            },
            "dist": {
                "type": "zip",
                "url": "https://api.github.com/repos/tecnickcom/tc-lib-file/zipball/63bd9ef87371f65a6d8f29425a5ee88fc6eb86e2",
                "reference": "63bd9ef87371f65a6d8f29425a5ee88fc6eb86e2",
                "shasum": ""
            },
            "require": {
                "ext-curl": "*",
                "ext-pcre": "*",
                "php": ">=8.2"
            },
            "require-dev": {
                "pdepend/pdepend": "^2.16",
                "phpcompatibility/php-compatibility": "^10.0.0@dev",
                "phpunit/phpunit": "^13.1 || ^12.5 || ^11.5"
            },
            "type": "library",
            "autoload": {
                "psr-4": {
                    "Com\\Tecnick\\File\\": "src"
                }
            },
            "notification-url": "https://packagist.org/downloads/",
            "license": [
                "LGPL-3.0-or-later"
            ],
            "authors": [
                {
                    "name": "Nicola Asuni",
                    "email": "info@tecnick.com",
                    "role": "lead"
                }
            ],
            "description": "PHP library to read byte-level data from files",
            "homepage": "https://tcpdf.org",
            "keywords": [
                "Double",
                "bit",
                "byte",
                "file",
                "long",
                "read",
                "short",
                "tc-lib-file"
            ],
            "support": {
                "issues": "https://github.com/tecnickcom/tc-lib-file/issues",
                "source": "https://github.com/tecnickcom/tc-lib-file"
            },
            "funding": [
                {
                    "url": "https://github.com/sponsors/tecnickcom",
                    "type": "github"
                }
            ],
            "time": "2026-05-22T07:00:04+00:00"
        },
        {
            "name": "tecnickcom/tc-lib-pdf",
            "version": "8.31.0",
            "source": {
                "type": "git",
                "url": "https://github.com/tecnickcom/tc-lib-pdf.git",
                "reference": "26fa79612b991978ff92d7b730c921134fbc150c"
            },
            "dist": {
                "type": "zip",
                "url": "https://api.github.com/repos/tecnickcom/tc-lib-pdf/zipball/26fa79612b991978ff92d7b730c921134fbc150c",
                "reference": "26fa79612b991978ff92d7b730c921134fbc150c",
                "shasum": ""
            },
            "require": {
                "ext-date": "*",
                "ext-pcre": "*",
                "php": ">=8.2",
                "tecnickcom/tc-lib-barcode": "^2.7",
                "tecnickcom/tc-lib-color": "^2.7",
                "tecnickcom/tc-lib-file": "^2.8",
                "tecnickcom/tc-lib-pdf-encrypt": "^2.5",
                "tecnickcom/tc-lib-pdf-font": "^2.15",
                "tecnickcom/tc-lib-pdf-graph": "^2.7",
                "tecnickcom/tc-lib-pdf-image": "^2.5",
                "tecnickcom/tc-lib-pdf-page": "^4.7",
                "tecnickcom/tc-lib-pdf-parser": "^3.9",
                "tecnickcom/tc-lib-unicode": "^2.4",
                "tecnickcom/tc-lib-unicode-data": "^2.3"
            },
            "require-dev": {
                "pdepend/pdepend": "^2.16",
                "phpcompatibility/php-compatibility": "^10.0.0@dev",
                "phpunit/phpunit": "^13.1 || ^12.5 || ^11.5"
            },
            "type": "library",
            "autoload": {
                "psr-4": {
                    "Com\\Tecnick\\Pdf\\": "src"
                }
            },
            "notification-url": "https://packagist.org/downloads/",
            "license": [
                "LGPL-3.0-or-later"
            ],
            "authors": [
                {
                    "name": "Nicola Asuni",
                    "email": "info@tecnick.com",
                    "role": "lead"
                }
            ],
            "description": "PHP PDF Library",
            "homepage": "https://tcpdf.org",
            "keywords": [
                "PDFD32000-2008",
                "TCPDF",
                "document",
                "pdf",
                "tc-lib-pdf"
            ],
            "support": {
                "issues": "https://github.com/tecnickcom/tc-lib-pdf/issues",
                "source": "https://github.com/tecnickcom/tc-lib-pdf"
            },
            "funding": [
                {
                    "url": "https://github.com/sponsors/tecnickcom",
                    "type": "github"
                }
            ],
            "time": "2026-05-31T18:06:28+00:00"
        },
        {
            "name": "tecnickcom/tc-lib-pdf-encrypt",
            "version": "2.5.0",
            "source": {
                "type": "git",
                "url": "https://github.com/tecnickcom/tc-lib-pdf-encrypt.git",
                "reference": "72b13b093eb1b5458d19fdaa2e2ece58bfaa8abe"
            },
            "dist": {
                "type": "zip",
                "url": "https://api.github.com/repos/tecnickcom/tc-lib-pdf-encrypt/zipball/72b13b093eb1b5458d19fdaa2e2ece58bfaa8abe",
                "reference": "72b13b093eb1b5458d19fdaa2e2ece58bfaa8abe",
                "shasum": ""
            },
            "require": {
                "ext-date": "*",
                "ext-hash": "*",
                "ext-openssl": "*",
                "ext-pcre": "*",
                "php": ">=8.2"
            },
            "require-dev": {
                "pdepend/pdepend": "^2.16",
                "phpcompatibility/php-compatibility": "^10.0.0@dev",
                "phpunit/phpunit": "^13.1 || ^12.5 || ^11.5"
            },
            "suggest": {
                "ext-posix": "*"
            },
            "type": "library",
            "autoload": {
                "psr-4": {
                    "Com\\Tecnick\\Pdf\\Encrypt\\": "src"
                }
            },
            "notification-url": "https://packagist.org/downloads/",
            "license": [
                "LGPL-3.0-or-later"
            ],
            "authors": [
                {
                    "name": "Nicola Asuni",
                    "email": "info@tecnick.com",
                    "role": "lead"
                }
            ],
            "description": "PHP library to encrypt data for PDF",
            "homepage": "https://tcpdf.org",
            "keywords": [
                "aes",
                "encrypt",
                "encryption",
                "pdf",
                "rc4",
                "tc-lib-pdf-encrypt"
            ],
            "support": {
                "issues": "https://github.com/tecnickcom/tc-lib-pdf-encrypt/issues",
                "source": "https://github.com/tecnickcom/tc-lib-pdf-encrypt"
            },
            "funding": [
                {
                    "url": "https://github.com/sponsors/tecnickcom",
                    "type": "github"
                }
            ],
            "time": "2026-05-22T07:00:17+00:00"
        },
        {
            "name": "tecnickcom/tc-lib-pdf-filter",
            "version": "2.6.0",
            "source": {
                "type": "git",
                "url": "https://github.com/tecnickcom/tc-lib-pdf-filter.git",
                "reference": "d85610af0d2d4b8c7189726e99d6259ade893cdb"
            },
            "dist": {
                "type": "zip",
                "url": "https://api.github.com/repos/tecnickcom/tc-lib-pdf-filter/zipball/d85610af0d2d4b8c7189726e99d6259ade893cdb",
                "reference": "d85610af0d2d4b8c7189726e99d6259ade893cdb",
                "shasum": ""
            },
            "require": {
                "ext-pcre": "*",
                "ext-zlib": "*",
                "php": ">=8.2"
            },
            "require-dev": {
                "pdepend/pdepend": "^2.16",
                "phpcompatibility/php-compatibility": "^10.0.0@dev",
                "phpunit/phpunit": "^13.1 || ^12.5 || ^11.5"
            },
            "suggest": {
                "ext-imagick": "Required for JPXDecode (JPEG 2000) filter support"
            },
            "type": "library",
            "autoload": {
                "psr-4": {
                    "Com\\Tecnick\\Pdf\\Filter\\": "src"
                }
            },
            "notification-url": "https://packagist.org/downloads/",
            "license": [
                "LGPL-3.0-or-later"
            ],
            "authors": [
                {
                    "name": "Nicola Asuni",
                    "email": "info@tecnick.com",
                    "role": "lead"
                }
            ],
            "description": "PHP library to decode PDF compression and encryption filters",
            "homepage": "https://tcpdf.org",
            "keywords": [
                "compression",
                "encryption",
                "filter",
                "pdf",
                "tc-lib-pdf-filter"
            ],
            "support": {
                "issues": "https://github.com/tecnickcom/tc-lib-pdf-filter/issues",
                "source": "https://github.com/tecnickcom/tc-lib-pdf-filter"
            },
            "funding": [
                {
                    "url": "https://github.com/sponsors/tecnickcom",
                    "type": "github"
                }
            ],
            "time": "2026-05-31T17:14:11+00:00"
        },
        {
            "name": "tecnickcom/tc-lib-pdf-font",
            "version": "2.15.0",
            "source": {
                "type": "git",
                "url": "https://github.com/tecnickcom/tc-lib-pdf-font.git",
                "reference": "04cd789f804aba104751773ab317f6e529daa991"
            },
            "dist": {
                "type": "zip",
                "url": "https://api.github.com/repos/tecnickcom/tc-lib-pdf-font/zipball/04cd789f804aba104751773ab317f6e529daa991",
                "reference": "04cd789f804aba104751773ab317f6e529daa991",
                "shasum": ""
            },
            "require": {
                "ext-json": "*",
                "ext-pcre": "*",
                "ext-zlib": "*",
                "php": ">=8.2",
                "tecnickcom/tc-lib-file": "^2.8",
                "tecnickcom/tc-lib-pdf-encrypt": "^2.5",
                "tecnickcom/tc-lib-unicode-data": "^2.3"
            },
            "require-dev": {
                "pdepend/pdepend": "^2.16",
                "phpcompatibility/php-compatibility": "^10.0.0@dev",
                "phpunit/phpunit": "^13.1 || ^12.5 || ^11.5"
            },
            "type": "library",
            "autoload": {
                "psr-4": {
                    "Com\\Tecnick\\Pdf\\Font\\": "src"
                }
            },
            "notification-url": "https://packagist.org/downloads/",
            "license": [
                "LGPL-3.0-or-later"
            ],
            "authors": [
                {
                    "name": "Nicola Asuni",
                    "email": "info@tecnick.com",
                    "role": "lead"
                }
            ],
            "description": "PHP library containing PDF page formats and definitions",
            "homepage": "https://tcpdf.org",
            "keywords": [
                "PFB",
                "afm",
                "font",
                "import",
                "pdf",
                "tc-lib-pdf-font",
                "ttf"
            ],
            "support": {
                "issues": "https://github.com/tecnickcom/tc-lib-pdf-font/issues",
                "source": "https://github.com/tecnickcom/tc-lib-pdf-font"
            },
            "funding": [
                {
                    "url": "https://github.com/sponsors/tecnickcom",
                    "type": "github"
                }
            ],
            "time": "2026-05-22T07:11:08+00:00"
        },
        {
            "name": "tecnickcom/tc-lib-pdf-graph",
            "version": "2.7.0",
            "source": {
                "type": "git",
                "url": "https://github.com/tecnickcom/tc-lib-pdf-graph.git",
                "reference": "220419f88df36aa8d33b43034e404cf068481259"
            },
            "dist": {
                "type": "zip",
                "url": "https://api.github.com/repos/tecnickcom/tc-lib-pdf-graph/zipball/220419f88df36aa8d33b43034e404cf068481259",
                "reference": "220419f88df36aa8d33b43034e404cf068481259",
                "shasum": ""
            },
            "require": {
                "ext-zlib": "*",
                "php": ">=8.2",
                "tecnickcom/tc-lib-color": "^2.7",
                "tecnickcom/tc-lib-pdf-encrypt": "^2.5"
            },
            "require-dev": {
                "pdepend/pdepend": "^2.16",
                "phpcompatibility/php-compatibility": "^10.0.0@dev",
                "phpunit/phpunit": "^13.1 || ^12.5 || ^11.5"
            },
            "type": "library",
            "autoload": {
                "psr-4": {
                    "Com\\Tecnick\\Pdf\\Graph\\": "src"
                }
            },
            "notification-url": "https://packagist.org/downloads/",
            "license": [
                "LGPL-3.0-or-later"
            ],
            "authors": [
                {
                    "name": "Nicola Asuni",
                    "email": "info@tecnick.com",
                    "role": "lead"
                }
            ],
            "description": "PHP library containing PDF graphic and geometric methods",
            "homepage": "https://tcpdf.org",
            "keywords": [
                "geometry",
                "graphic",
                "pdf",
                "tc-lib-pdf-graph",
                "transformation"
            ],
            "support": {
                "issues": "https://github.com/tecnickcom/tc-lib-pdf-graph/issues",
                "source": "https://github.com/tecnickcom/tc-lib-pdf-graph"
            },
            "funding": [
                {
                    "url": "https://github.com/sponsors/tecnickcom",
                    "type": "github"
                }
            ],
            "time": "2026-05-22T07:10:17+00:00"
        },
        {
            "name": "tecnickcom/tc-lib-pdf-image",
            "version": "2.5.0",
            "source": {
                "type": "git",
                "url": "https://github.com/tecnickcom/tc-lib-pdf-image.git",
                "reference": "2d1d35d095ad36adb2bda54aad1d7e86236a5050"
            },
            "dist": {
                "type": "zip",
                "url": "https://api.github.com/repos/tecnickcom/tc-lib-pdf-image/zipball/2d1d35d095ad36adb2bda54aad1d7e86236a5050",
                "reference": "2d1d35d095ad36adb2bda54aad1d7e86236a5050",
                "shasum": ""
            },
            "require": {
                "ext-gd": "*",
                "ext-zlib": "*",
                "php": ">=8.2",
                "tecnickcom/tc-lib-color": "^2.7",
                "tecnickcom/tc-lib-file": "^2.8",
                "tecnickcom/tc-lib-pdf-encrypt": "^2.5"
            },
            "require-dev": {
                "pdepend/pdepend": "^2.16",
                "phpcompatibility/php-compatibility": "^10.0.0@dev",
                "phpunit/phpunit": "^13.1 || ^12.5 || ^11.5"
            },
            "type": "library",
            "autoload": {
                "psr-4": {
                    "Com\\Tecnick\\Pdf\\Image\\": "src"
                }
            },
            "notification-url": "https://packagist.org/downloads/",
            "license": [
                "LGPL-3.0-or-later"
            ],
            "authors": [
                {
                    "name": "Nicola Asuni",
                    "email": "info@tecnick.com",
                    "role": "lead"
                }
            ],
            "description": "PHP library containing PDF Image methods",
            "homepage": "https://tcpdf.org",
            "keywords": [
                "image",
                "jpeg",
                "jpg",
                "pdf",
                "png",
                "tc-lib-pdf-image"
            ],
            "support": {
                "issues": "https://github.com/tecnickcom/tc-lib-pdf-image/issues",
                "source": "https://github.com/tecnickcom/tc-lib-pdf-image"
            },
            "funding": [
                {
                    "url": "https://github.com/sponsors/tecnickcom",
                    "type": "github"
                }
            ],
            "time": "2026-05-22T07:10:31+00:00"
        },
        {
            "name": "tecnickcom/tc-lib-pdf-page",
            "version": "4.7.0",
            "source": {
                "type": "git",
                "url": "https://github.com/tecnickcom/tc-lib-pdf-page.git",
                "reference": "ce77417df86e4151bdf4fce5bd38fcd758176f88"
            },
            "dist": {
                "type": "zip",
                "url": "https://api.github.com/repos/tecnickcom/tc-lib-pdf-page/zipball/ce77417df86e4151bdf4fce5bd38fcd758176f88",
                "reference": "ce77417df86e4151bdf4fce5bd38fcd758176f88",
                "shasum": ""
            },
            "require": {
                "ext-date": "*",
                "ext-zlib": "*",
                "php": ">=8.2",
                "tecnickcom/tc-lib-color": "^2.7",
                "tecnickcom/tc-lib-pdf-encrypt": "^2.5"
            },
            "require-dev": {
                "pdepend/pdepend": "^2.16",
                "phpcompatibility/php-compatibility": "^10.0.0@dev",
                "phpunit/phpunit": "^13.1 || ^12.5 || ^11.5"
            },
            "type": "library",
            "autoload": {
                "psr-4": {
                    "Com\\Tecnick\\Pdf\\Page\\": "src"
                }
            },
            "notification-url": "https://packagist.org/downloads/",
            "license": [
                "LGPL-3.0-or-later"
            ],
            "authors": [
                {
                    "name": "Nicola Asuni",
                    "email": "info@tecnick.com",
                    "role": "lead"
                }
            ],
            "description": "PHP library containing PDF page formats and definitions",
            "homepage": "https://tcpdf.org",
            "keywords": [
                "format",
                "page",
                "pdf",
                "tc-lib-pdf-page"
            ],
            "support": {
                "issues": "https://github.com/tecnickcom/tc-lib-pdf-page/issues",
                "source": "https://github.com/tecnickcom/tc-lib-pdf-page"
            },
            "funding": [
                {
                    "url": "https://github.com/sponsors/tecnickcom",
                    "type": "github"
                }
            ],
            "time": "2026-05-27T16:47:05+00:00"
        },
        {
            "name": "tecnickcom/tc-lib-pdf-parser",
            "version": "3.9.0",
            "source": {
                "type": "git",
                "url": "https://github.com/tecnickcom/tc-lib-pdf-parser.git",
                "reference": "b2cebdf8a6230b3043be5ebe27ff082e7aad139f"
            },
            "dist": {
                "type": "zip",
                "url": "https://api.github.com/repos/tecnickcom/tc-lib-pdf-parser/zipball/b2cebdf8a6230b3043be5ebe27ff082e7aad139f",
                "reference": "b2cebdf8a6230b3043be5ebe27ff082e7aad139f",
                "shasum": ""
            },
            "require": {
                "ext-pcre": "*",
                "php": ">=8.2",
                "tecnickcom/tc-lib-pdf-filter": "^2.6"
            },
            "require-dev": {
                "pdepend/pdepend": "^2.16",
                "phpcompatibility/php-compatibility": "^10.0.0@dev",
                "phpunit/phpunit": "^13.1 || ^12.5 || ^11.5"
            },
            "type": "library",
            "autoload": {
                "psr-4": {
                    "Com\\Tecnick\\Pdf\\Parser\\": "src"
                }
            },
            "notification-url": "https://packagist.org/downloads/",
            "license": [
                "LGPL-3.0-or-later"
            ],
            "authors": [
                {
                    "name": "Nicola Asuni",
                    "email": "info@tecnick.com",
                    "role": "lead"
                }
            ],
            "description": "PHP library to parse PDF documents",
            "homepage": "https://tcpdf.org",
            "keywords": [
                "document",
                "parser",
                "pdf",
                "tc-lib-pdf-parser"
            ],
            "support": {
                "issues": "https://github.com/tecnickcom/tc-lib-pdf-parser/issues",
                "source": "https://github.com/tecnickcom/tc-lib-pdf-parser"
            },
            "funding": [
                {
                    "url": "https://github.com/sponsors/tecnickcom",
                    "type": "github"
                }
            ],
            "time": "2026-05-31T17:39:23+00:00"
        },
        {
            "name": "tecnickcom/tc-lib-unicode",
            "version": "2.4.0",
            "source": {
                "type": "git",
                "url": "https://github.com/tecnickcom/tc-lib-unicode.git",
                "reference": "c733948a37e4586dad87f97dc760b7c4f07a1fa6"
            },
            "dist": {
                "type": "zip",
                "url": "https://api.github.com/repos/tecnickcom/tc-lib-unicode/zipball/c733948a37e4586dad87f97dc760b7c4f07a1fa6",
                "reference": "c733948a37e4586dad87f97dc760b7c4f07a1fa6",
                "shasum": ""
            },
            "require": {
                "ext-mbstring": "*",
                "ext-pcre": "*",
                "php": ">=8.2",
                "tecnickcom/tc-lib-unicode-data": "^2.3"
            },
            "require-dev": {
                "pdepend/pdepend": "^2.16",
                "phpcompatibility/php-compatibility": "^10.0.0@dev",
                "phpunit/phpunit": "^13.1 || ^12.5 || ^11.5"
            },
            "type": "library",
            "autoload": {
                "psr-4": {
                    "Com\\Tecnick\\Unicode\\": "src"
                }
            },
            "notification-url": "https://packagist.org/downloads/",
            "license": [
                "LGPL-3.0-or-later"
            ],
            "authors": [
                {
                    "name": "Nicola Asuni",
                    "email": "info@tecnick.com",
                    "role": "lead"
                }
            ],
            "description": "PHP library containing Unicode methods",
            "homepage": "https://tcpdf.org",
            "keywords": [
                "font",
                "pdf",
                "tc-lib-unicode",
                "unicode",
                "utf-8"
            ],
            "support": {
                "issues": "https://github.com/tecnickcom/tc-lib-unicode/issues",
                "source": "https://github.com/tecnickcom/tc-lib-unicode"
            },
            "funding": [
                {
                    "url": "https://github.com/sponsors/tecnickcom",
                    "type": "github"
                }
            ],
            "time": "2026-05-22T07:09:51+00:00"
        },
        {
            "name": "tecnickcom/tc-lib-unicode-data",
            "version": "2.3.0",
            "source": {
                "type": "git",
                "url": "https://github.com/tecnickcom/tc-lib-unicode-data.git",
                "reference": "a277809eb1a9131d474df67679052079a4e656fa"
            },
            "dist": {
                "type": "zip",
                "url": "https://api.github.com/repos/tecnickcom/tc-lib-unicode-data/zipball/a277809eb1a9131d474df67679052079a4e656fa",
                "reference": "a277809eb1a9131d474df67679052079a4e656fa",
                "shasum": ""
            },
            "require": {
                "php": ">=8.1"
            },
            "require-dev": {
                "pdepend/pdepend": "^2.16",
                "phpcompatibility/php-compatibility": "^10.0.0@dev",
                "phpunit/phpunit": "^13.1 || ^12.5 || ^11.5"
            },
            "type": "library",
            "autoload": {
                "psr-4": {
                    "Com\\Tecnick\\Unicode\\Data\\": "src"
                }
            },
            "notification-url": "https://packagist.org/downloads/",
            "license": [
                "LGPL-3.0-or-later"
            ],
            "authors": [
                {
                    "name": "Nicola Asuni",
                    "email": "info@tecnick.com",
                    "role": "lead"
                }
            ],
            "description": "PHP library containing Unicode definitions",
            "homepage": "https://tcpdf.org",
            "keywords": [
                "font",
                "pdf",
                "tc-lib-unicode-data",
                "unicode",
                "utf-8"
            ],
            "support": {
                "issues": "https://github.com/tecnickcom/tc-lib-unicode-data/issues",
                "source": "https://github.com/tecnickcom/tc-lib-unicode-data"
            },
            "funding": [
                {
                    "url": "https://github.com/sponsors/tecnickcom",
                    "type": "github"
                }
            ],
            "time": "2026-05-22T07:01:01+00:00"
        },
        {
            "name": "tecnickcom/tcpdf",
            "version": "6.11.3",
            "source": {
                "type": "git",
                "url": "https://github.com/tecnickcom/TCPDF.git",
                "reference": "b18f6119161019916c5bb07cb8da5205ae5c1b63"
            },
            "dist": {
                "type": "zip",
                "url": "https://api.github.com/repos/tecnickcom/TCPDF/zipball/b18f6119161019916c5bb07cb8da5205ae5c1b63",
                "reference": "b18f6119161019916c5bb07cb8da5205ae5c1b63",
                "shasum": ""
            },
            "require": {
                "ext-curl": "*",
                "php": ">=7.1.0"
            },
            "suggest": {
                "ext-gd": "Enables additional image handling in some workflows.",
                "ext-imagick": "Enables additional image format support when available.",
                "ext-zlib": "Recommended for compressed streams and related features.",
                "tecnickcom/tc-lib-pdf": "Modern replacement for TCPDF for new projects."
            },
            "type": "library",
            "autoload": {
                "classmap": [
                    "config",
                    "include",
                    "tcpdf.php",
                    "tcpdf_barcodes_1d.php",
                    "tcpdf_barcodes_2d.php",
                    "include/tcpdf_colors.php",
                    "include/tcpdf_filters.php",
                    "include/tcpdf_font_data.php",
                    "include/tcpdf_fonts.php",
                    "include/tcpdf_images.php",
                    "include/tcpdf_static.php",
                    "include/barcodes/datamatrix.php",
                    "include/barcodes/pdf417.php",
                    "include/barcodes/qrcode.php"
                ]
            },
            "notification-url": "https://packagist.org/downloads/",
            "license": [
                "LGPL-3.0-or-later"
            ],
            "authors": [
                {
                    "name": "Nicola Asuni",
                    "email": "info@tecnick.com",
                    "role": "lead"
                }
            ],
            "description": "Deprecated legacy PDF engine for PHP. For new projects use tecnickcom/tc-lib-pdf.",
            "homepage": "https://tcpdf.org",
            "keywords": [
                "PDFD32000-2008",
                "TCPDF",
                "barcodes",
                "datamatrix",
                "pdf",
                "pdf417",
                "qrcode"
            ],
            "support": {
                "issues": "https://github.com/tecnickcom/TCPDF/issues",
                "source": "https://github.com/tecnickcom/TCPDF"
            },
            "funding": [
                {
                    "url": "https://www.paypal.com/donate/?hosted_button_id=NZUEC5XS8MFBJ",
                    "type": "paypal"
                }
            ],
            "time": "2026-04-21T17:00:18+00:00"
        }
    ],
    "packages-dev": [],
    "aliases": [],
    "minimum-stability": "stable",
    "stability-flags": {},
    "prefer-stable": false,
    "prefer-lowest": false,
    "platform": {},
    "platform-dev": {},
    "plugin-api-version": "2.9.0"
}
